
Microsoft Visual Studio Solution File, Format Version 12.00
# Visual Studio Version 18
VisualStudioVersion = 18.3.11222.16
MinimumVisualStudioVersion = 10.0.40219.1
Project("{FAE04EC0-301F-11D3-BF4B-00C04F79EFBC}") = "SocketJack", "SocketJack\SocketJack.csproj", "{A9488B32-E02A-D73C-446B-780E35191A15}"
EndProject
Project("{F184B08F-C81C-45F6-A57F-5ABD9991F28F}") = "SocketJack-Tests", "Tests\SocketJack-Tests.vbproj", "{F06D26B1-23FF-16CF-823E-22FE17C5E779}"
	ProjectSection(ProjectDependencies) = postProject
		{CE30FC4D-463C-4917-BFCB-0DDA7794A66C} = {CE30FC4D-463C-4917-BFCB-0DDA7794A66C}
	EndProjectSection
EndProject
Project("{FAE04EC0-301F-11D3-BF4B-00C04F79EFBC}") = "NSpeex", "NSpeex\NSpeex.csproj", "{66205DE8-B289-183F-35B6-A01CDB7E4044}"
EndProject
Project("{FAE04EC0-301F-11D3-BF4B-00C04F79EFBC}") = "WebSocketTestApplication", "WebSocketTestApplication\WebSocketTestApplication.csproj", "{CE30FC4D-463C-4917-BFCB-0DDA7794A66C}"
EndProject
Project("{FAE04EC0-301F-11D3-BF4B-00C04F79EFBC}") = "SocketJack.Unity", "SocketJack.Unity\SocketJack.Unity.csproj", "{F16DE517-F8C5-FABA-EBED-4583C874861F}"
	ProjectSection(ProjectDependencies) = postProject
		{A9488B32-E02A-D73C-446B-780E35191A15} = {A9488B32-E02A-D73C-446B-780E35191A15}
	EndProjectSection
EndProject
Project("{2150E333-8FDC-42A3-9474-1A3956D46DE8}") = "Solution Items", "Solution Items", "{D9F53B44-7E31-4ABD-96F9-D3AE1EAE5EB8}"
	ProjectSection(SolutionItems) = preProject
		.editorconfig = .editorconfig
	EndProjectSection
EndProject
Project("{FAE04EC0-301F-11D3-BF4B-00C04F79EFBC}") = "SocketJack.WPF", "SocketJack.Windows\SocketJack.WPF.csproj", "{A6438549-731B-7C7C-82DD-1F6DA504429E}"
	ProjectSection(ProjectDependencies) = postProject
		{A9488B32-E02A-D73C-446B-780E35191A15} = {A9488B32-E02A-D73C-446B-780E35191A15}
	EndProjectSection
EndProject
Project("{FAE04EC0-301F-11D3-BF4B-00C04F79EFBC}") = "SocketJack.WpfBasicGame", "SocketJack.WpfBasicGame\SocketJack.WpfBasicGame.csproj", "{02244906-0B64-4CF6-BF13-9D5504044092}"
EndProject
Project("{FAE04EC0-301F-11D3-BF4B-00C04F79EFBC}") = "JackLLM", "JackLLM\JackLLM.csproj", "{6E560CB5-6800-4910-8C13-D0B6ECF175C6}"
EndProject
Project("{FAE04EC0-301F-11D3-BF4B-00C04F79EFBC}") = "SocketJack-MagicMasterList", "SocketJack-MagicMasterList\SocketJack-MagicMasterList.csproj", "{89D8B6DE-1C6A-44C2-BC1E-454C0BB2922A}"
EndProject
Project("{FAE04EC0-301F-11D3-BF4B-00C04F79EFBC}") = "JackLLMUpdater", "JackLLMUpdater\JackLLMUpdater.csproj", "{1302D112-0CAF-40CA-8E79-3B1C927EC19C}"
	ProjectSection(ProjectDependencies) = postProject
		{89D8B6DE-1C6A-44C2-BC1E-454C0BB2922A} = {89D8B6DE-1C6A-44C2-BC1E-454C0BB2922A}
		{8C6712CE-342D-462C-95C4-7AB0D54E2F55} = {8C6712CE-342D-462C-95C4-7AB0D54E2F55}
		{A6438549-731B-7C7C-82DD-1F6DA504429E} = {A6438549-731B-7C7C-82DD-1F6DA504429E}
		{A9488B32-E02A-D73C-446B-780E35191A15} = {A9488B32-E02A-D73C-446B-780E35191A15}
		{D1775831-1554-4050-92E5-C994908C7A3D} = {D1775831-1554-4050-92E5-C994908C7A3D}
	EndProjectSection
EndProject
Project("{FAE04EC0-301F-11D3-BF4B-00C04F79EFBC}") = "JackLLMBridgeInstaller", "JackLLMBridgeInstaller\JackLLMBridgeInstaller.csproj", "{A8997834-8C7D-44B4-9F1C-A67DDF7F7B70}"
	ProjectSection(ProjectDependencies) = postProject
		{1302D112-0CAF-40CA-8E79-3B1C927EC19C} = {1302D112-0CAF-40CA-8E79-3B1C927EC19C}
		{6E560CB5-6800-4910-8C13-D0B6ECF175C6} = {6E560CB5-6800-4910-8C13-D0B6ECF175C6}
		{759E22B4-CB07-4563-8D81-B29CC03541B8} = {759E22B4-CB07-4563-8D81-B29CC03541B8}
		{89D8B6DE-1C6A-44C2-BC1E-454C0BB2922A} = {89D8B6DE-1C6A-44C2-BC1E-454C0BB2922A}
		{8C6712CE-342D-462C-95C4-7AB0D54E2F55} = {8C6712CE-342D-462C-95C4-7AB0D54E2F55}
		{A6438549-731B-7C7C-82DD-1F6DA504429E} = {A6438549-731B-7C7C-82DD-1F6DA504429E}
		{A9488B32-E02A-D73C-446B-780E35191A15} = {A9488B32-E02A-D73C-446B-780E35191A15}
		{D1775831-1554-4050-92E5-C994908C7A3D} = {D1775831-1554-4050-92E5-C994908C7A3D}
	EndProjectSection
EndProject
Project("{930C7802-8A8C-48F9-8165-68863BCCD9DD}") = "JackLLMInstaller", "JackLLMInstaller\JackLLMInstaller.wixproj", "{B60A557F-C37F-43CC-A408-43C179580277}"
EndProject
Project("{FAE04EC0-301F-11D3-BF4B-00C04F79EFBC}") = "LlmRuntime", "LlmRuntime\LlmRuntime.csproj", "{8C6712CE-342D-462C-95C4-7AB0D54E2F55}"
	ProjectSection(ProjectDependencies) = postProject
		{2C49F8DD-6D7C-4E02-B908-A37240F1E89B} = {2C49F8DD-6D7C-4E02-B908-A37240F1E89B}
	EndProjectSection
EndProject
Project("{8BC9CEB8-8B4A-11D0-8D11-00A0C91BC942}") = "SockJackDml.Native", "LlmRuntime\SockJackDml\Native\SockJackDml.Native.vcxproj", "{2C49F8DD-6D7C-4E02-B908-A37240F1E89B}"
EndProject
Project("{FAE04EC0-301F-11D3-BF4B-00C04F79EFBC}") = "LlmRuntime.Wpf", "LlmRuntime.Wpf\LlmRuntime.Wpf.csproj", "{D1775831-1554-4050-92E5-C994908C7A3D}"
EndProject
Project("{FAE04EC0-301F-11D3-BF4B-00C04F79EFBC}") = "LlmRuntime.Tests", "LlmRuntime.Tests\LlmRuntime.Tests.csproj", "{759E22B4-CB07-4563-8D81-B29CC03541B8}"
EndProject
Project("{FAE04EC0-301F-11D3-BF4B-00C04F79EFBC}") = "LlmRuntime.VisualStudio", "LlmRuntime.VisualStudio\LlmRuntime.VisualStudio.csproj", "{BA2FF034-7B76-4A22-9F67-1D73E618FA4B}"
EndProject
Project("{FAE04EC0-301F-11D3-BF4B-00C04F79EFBC}") = "SocketJack.Update", "SocketJack.Update\SocketJack.Update.csproj", "{B24E5CFE-9DFF-4C6A-B931-F295AD7BF990}"
EndProject
Project("{FAE04EC0-301F-11D3-BF4B-00C04F79EFBC}") = "SocketJack.Update.Publisher", "SocketJack.Update.Publisher\SocketJack.Update.Publisher.csproj", "{18790A4C-AA95-4AAA-A923-DEDF21656C6E}"
	ProjectSection(ProjectDependencies) = postProject
		{1302D112-0CAF-40CA-8E79-3B1C927EC19C} = {1302D112-0CAF-40CA-8E79-3B1C927EC19C}
		{6E560CB5-6800-4910-8C13-D0B6ECF175C6} = {6E560CB5-6800-4910-8C13-D0B6ECF175C6}
		{866955C4-27D6-13A2-8BF7-D8D60B778E07} = {866955C4-27D6-13A2-8BF7-D8D60B778E07}
		{B24E5CFE-9DFF-4C6A-B931-F295AD7BF990} = {B24E5CFE-9DFF-4C6A-B931-F295AD7BF990}
	EndProjectSection
EndProject
Project("{FAE04EC0-301F-11D3-BF4B-00C04F79EFBC}") = "JackONNX", "JackONNX\JackONNX.csproj", "{7ED0BA9F-CD40-4E16-9EA6-93B0FE6D312E}"
EndProject
Project("{FAE04EC0-301F-11D3-BF4B-00C04F79EFBC}") = "JackONNX.Tests", "JackONNX.Tests\JackONNX.Tests.csproj", "{6F554045-697C-4AF5-A4A1-A41CC7E9C617}"
EndProject
Project("{FAE04EC0-301F-11D3-BF4B-00C04F79EFBC}") = "JackLLMCompanion", "JackLLMCompanion\JackLLMCompanion.csproj", "{1E29E49D-A3ED-4324-BE17-AAB0D909F643}"
EndProject
Project("{FAE04EC0-301F-11D3-BF4B-00C04F79EFBC}") = "SocketJack.Stripe", "SocketJack.Stripe\SocketJack.Stripe.csproj", "{138BCCBA-EE6A-4D86-8661-9497F6AF8397}"
EndProject
Project("{FAE04EC0-301F-11D3-BF4B-00C04F79EFBC}") = "SocketJack.LlmCore", "SocketJack.LlmCore\SocketJack.LlmCore.csproj", "{66840AFB-CBE1-408C-B3DC-177DDA5AE5E8}"
EndProject
Project("{FAE04EC0-301F-11D3-BF4B-00C04F79EFBC}") = "SocketJack.Tests", "SocketJack.Tests\SocketJack.Tests.csproj", "{EBF445F1-AC18-4F0D-9444-1C66BED56711}"
EndProject
Project("{FAE04EC0-301F-11D3-BF4B-00C04F79EFBC}") = "SocketJack.WebSocketServer", "SocketJack.WebSocketServer\SocketJack.WebSocketServer.csproj", "{D87944A4-ED4C-49D7-B442-0C8ED8B35EDC}"
EndProject
Project("{F184B08F-C81C-45F6-A57F-5ABD9991F28F}") = "OnlineUsers", "..\..\..\source\repos\wShare\OnlineUsers\OnlineUsers.vbproj", "{866955C4-27D6-13A2-8BF7-D8D60B778E07}"
EndProject
Project("{2150E333-8FDC-42A3-9474-1A3956D46DE8}") = "SocketJack Projects", "SocketJack Projects", "{012DC2C3-F936-4CF4-AB3F-9BBF0A2D9DEE}"
EndProject
Project("{2150E333-8FDC-42A3-9474-1A3956D46DE8}") = "JackONNX Projects", "JackONNX Projects", "{D00C6FEB-3526-4620-A496-65E3E4F41318}"
EndProject
Project("{2150E333-8FDC-42A3-9474-1A3956D46DE8}") = "LlmRuntime Projects", "LlmRuntime Projects", "{DADB95ED-2761-48FF-BD70-EBED4BF85F17}"
EndProject
Project("{2150E333-8FDC-42A3-9474-1A3956D46DE8}") = "JackLLM Projects", "JackLLM Projects", "{A6C25422-C503-4D12-A1BF-B2CA6A7747CC}"
EndProject
Project("{FAE04EC0-301F-11D3-BF4B-00C04F79EFBC}") = "JackLLM.Android", "SocketJack\JackLLM.Android\JackLLM.Android.csproj", "{89C02029-AC5C-5045-26B5-06CCAC7B7E6C}"
EndProject
Project("{FAE04EC0-301F-11D3-BF4B-00C04F79EFBC}") = "SocketJack.WorkstationMcp", "SocketJack.WorkstationMcp\SocketJack.WorkstationMcp.csproj", "{348FF866-EA37-42A5-B3AE-A3E7A7878546}"
EndProject
Project("{FAE04EC0-301F-11D3-BF4B-00C04F79EFBC}") = "SocketJack.CopilotMcpBridge", "SocketJack.CopilotMcpBridge\SocketJack.CopilotMcpBridge.csproj", "{E954CAD4-0044-4957-9EBF-07297E136C16}"
EndProject
Project("{FAE04EC0-301F-11D3-BF4B-00C04F79EFBC}") = "LlmRuntime.VisualStudio2026", "LlmRuntime.VisualStudio2026\LlmRuntime.VisualStudio2026.csproj", "{CB961432-3F09-42A4-90C3-DA3229F9E0C8}"
EndProject
Project("{2150E333-8FDC-42A3-9474-1A3956D46DE8}") = "LlmRuntime.VisualStudioCode", "LlmRuntime.VisualStudioCode", "{5D2C67E3-C0E7-4CD2-B500-AFC6E429FE00}"
	ProjectSection(SolutionItems) = preProject
		LlmRuntime.VisualStudioCode\.gitignore = LlmRuntime.VisualStudioCode\.gitignore
		LlmRuntime.VisualStudioCode\.vscodeignore = LlmRuntime.VisualStudioCode\.vscodeignore
		LlmRuntime.VisualStudioCode\assets\socketjack.png = LlmRuntime.VisualStudioCode\assets\socketjack.png
		LlmRuntime.VisualStudioCode\CHANGELOG.md = LlmRuntime.VisualStudioCode\CHANGELOG.md
		LlmRuntime.VisualStudioCode\esbuild.mjs = LlmRuntime.VisualStudioCode\esbuild.mjs
		LlmRuntime.VisualStudioCode\LICENSE = LlmRuntime.VisualStudioCode\LICENSE
		LlmRuntime.VisualStudioCode\package-lock.json = LlmRuntime.VisualStudioCode\package-lock.json
		LlmRuntime.VisualStudioCode\package.json = LlmRuntime.VisualStudioCode\package.json
		LlmRuntime.VisualStudioCode\README.md = LlmRuntime.VisualStudioCode\README.md
		LlmRuntime.VisualStudioCode\src\extension.ts = LlmRuntime.VisualStudioCode\src\extension.ts
		LlmRuntime.VisualStudioCode\src\provider.ts = LlmRuntime.VisualStudioCode\src\provider.ts
		LlmRuntime.VisualStudioCode\src\types.ts = LlmRuntime.VisualStudioCode\src\types.ts
		LlmRuntime.VisualStudioCode\src\workstationClient.ts = LlmRuntime.VisualStudioCode\src\workstationClient.ts
		LlmRuntime.VisualStudioCode\tsconfig.json = LlmRuntime.VisualStudioCode\tsconfig.json
	EndProjectSection
EndProject
Project("{FAE04EC0-301F-11D3-BF4B-00C04F79EFBC}") = "JackLLM.Workstation", "JackLLM.Workstation\JackLLM.Workstation.csproj", "{3B25755B-5A0F-4B5E-A0D3-71B1E42FBCAC}"
EndProject
Global
	GlobalSection(SolutionConfigurationPlatforms) = preSolution
		Debug|Any CPU = Debug|Any CPU
		Debug|x64 = Debug|x64
		Debug|x86 = Debug|x86
		Release|Any CPU = Release|Any CPU
		Release|x64 = Release|x64
		Release|x86 = Release|x86
	EndGlobalSection
	GlobalSection(ProjectConfigurationPlatforms) = postSolution
		{A9488B32-E02A-D73C-446B-780E35191A15}.Debug|Any CPU.ActiveCfg = Debug|Any CPU
		{A9488B32-E02A-D73C-446B-780E35191A15}.Debug|Any CPU.Build.0 = Debug|Any CPU
		{A9488B32-E02A-D73C-446B-780E35191A15}.Debug|x64.ActiveCfg = Debug|Any CPU
		{A9488B32-E02A-D73C-446B-780E35191A15}.Debug|x64.Build.0 = Debug|Any CPU
		{A9488B32-E02A-D73C-446B-780E35191A15}.Debug|x86.ActiveCfg = Debug|Any CPU
		{A9488B32-E02A-D73C-446B-780E35191A15}.Debug|x86.Build.0 = Debug|Any CPU
		{A9488B32-E02A-D73C-446B-780E35191A15}.Release|Any CPU.ActiveCfg = Release|Any CPU
		{A9488B32-E02A-D73C-446B-780E35191A15}.Release|Any CPU.Build.0 = Release|Any CPU
		{A9488B32-E02A-D73C-446B-780E35191A15}.Release|x64.ActiveCfg = Release|Any CPU
		{A9488B32-E02A-D73C-446B-780E35191A15}.Release|x64.Build.0 = Release|Any CPU
		{A9488B32-E02A-D73C-446B-780E35191A15}.Release|x86.ActiveCfg = Release|Any CPU
		{A9488B32-E02A-D73C-446B-780E35191A15}.Release|x86.Build.0 = Release|Any CPU
		{F06D26B1-23FF-16CF-823E-22FE17C5E779}.Debug|Any CPU.ActiveCfg = Debug|Any CPU
		{F06D26B1-23FF-16CF-823E-22FE17C5E779}.Debug|Any CPU.Build.0 = Debug|Any CPU
		{F06D26B1-23FF-16CF-823E-22FE17C5E779}.Debug|x64.ActiveCfg = Debug|Any CPU
		{F06D26B1-23FF-16CF-823E-22FE17C5E779}.Debug|x64.Build.0 = Debug|Any CPU
		{F06D26B1-23FF-16CF-823E-22FE17C5E779}.Debug|x86.ActiveCfg = Debug|Any CPU
		{F06D26B1-23FF-16CF-823E-22FE17C5E779}.Debug|x86.Build.0 = Debug|Any CPU
		{F06D26B1-23FF-16CF-823E-22FE17C5E779}.Release|Any CPU.ActiveCfg = Release|Any CPU
		{F06D26B1-23FF-16CF-823E-22FE17C5E779}.Release|Any CPU.Build.0 = Release|Any CPU
		{F06D26B1-23FF-16CF-823E-22FE17C5E779}.Release|x64.ActiveCfg = Release|Any CPU
		{F06D26B1-23FF-16CF-823E-22FE17C5E779}.Release|x64.Build.0 = Release|Any CPU
		{F06D26B1-23FF-16CF-823E-22FE17C5E779}.Release|x86.ActiveCfg = Release|Any CPU
		{F06D26B1-23FF-16CF-823E-22FE17C5E779}.Release|x86.Build.0 = Release|Any CPU
		{66205DE8-B289-183F-35B6-A01CDB7E4044}.Debug|Any CPU.ActiveCfg = Debug|Any CPU
		{66205DE8-B289-183F-35B6-A01CDB7E4044}.Debug|Any CPU.Build.0 = Debug|Any CPU
		{66205DE8-B289-183F-35B6-A01CDB7E4044}.Debug|x64.ActiveCfg = Debug|Any CPU
		{66205DE8-B289-183F-35B6-A01CDB7E4044}.Debug|x64.Build.0 = Debug|Any CPU
		{66205DE8-B289-183F-35B6-A01CDB7E4044}.Debug|x86.ActiveCfg = Debug|Any CPU
		{66205DE8-B289-183F-35B6-A01CDB7E4044}.Debug|x86.Build.0 = Debug|Any CPU
		{66205DE8-B289-183F-35B6-A01CDB7E4044}.Release|Any CPU.ActiveCfg = Release|Any CPU
		{66205DE8-B289-183F-35B6-A01CDB7E4044}.Release|Any CPU.Build.0 = Release|Any CPU
		{66205DE8-B289-183F-35B6-A01CDB7E4044}.Release|x64.ActiveCfg = Release|Any CPU
		{66205DE8-B289-183F-35B6-A01CDB7E4044}.Release|x64.Build.0 = Release|Any CPU
		{66205DE8-B289-183F-35B6-A01CDB7E4044}.Release|x86.ActiveCfg = Release|Any CPU
		{66205DE8-B289-183F-35B6-A01CDB7E4044}.Release|x86.Build.0 = Release|Any CPU
		{CE30FC4D-463C-4917-BFCB-0DDA7794A66C}.Debug|Any CPU.ActiveCfg = Debug|Any CPU
		{CE30FC4D-463C-4917-BFCB-0DDA7794A66C}.Debug|Any CPU.Build.0 = Debug|Any CPU
		{CE30FC4D-463C-4917-BFCB-0DDA7794A66C}.Debug|x64.ActiveCfg = Debug|Any CPU
		{CE30FC4D-463C-4917-BFCB-0DDA7794A66C}.Debug|x64.Build.0 = Debug|Any CPU
		{CE30FC4D-463C-4917-BFCB-0DDA7794A66C}.Debug|x86.ActiveCfg = Debug|Any CPU
		{CE30FC4D-463C-4917-BFCB-0DDA7794A66C}.Debug|x86.Build.0 = Debug|Any CPU
		{CE30FC4D-463C-4917-BFCB-0DDA7794A66C}.Release|Any CPU.ActiveCfg = Release|Any CPU
		{CE30FC4D-463C-4917-BFCB-0DDA7794A66C}.Release|Any CPU.Build.0 = Release|Any CPU
		{CE30FC4D-463C-4917-BFCB-0DDA7794A66C}.Release|x64.ActiveCfg = Release|Any CPU
		{CE30FC4D-463C-4917-BFCB-0DDA7794A66C}.Release|x64.Build.0 = Release|Any CPU
		{CE30FC4D-463C-4917-BFCB-0DDA7794A66C}.Release|x86.ActiveCfg = Release|Any CPU
		{CE30FC4D-463C-4917-BFCB-0DDA7794A66C}.Release|x86.Build.0 = Release|Any CPU
		{F16DE517-F8C5-FABA-EBED-4583C874861F}.Debug|Any CPU.ActiveCfg = Debug|Any CPU
		{F16DE517-F8C5-FABA-EBED-4583C874861F}.Debug|Any CPU.Build.0 = Debug|Any CPU
		{F16DE517-F8C5-FABA-EBED-4583C874861F}.Debug|x64.ActiveCfg = Debug|Any CPU
		{F16DE517-F8C5-FABA-EBED-4583C874861F}.Debug|x64.Build.0 = Debug|Any CPU
		{F16DE517-F8C5-FABA-EBED-4583C874861F}.Debug|x86.ActiveCfg = Debug|Any CPU
		{F16DE517-F8C5-FABA-EBED-4583C874861F}.Debug|x86.Build.0 = Debug|Any CPU
		{F16DE517-F8C5-FABA-EBED-4583C874861F}.Release|Any CPU.ActiveCfg = Release|Any CPU
		{F16DE517-F8C5-FABA-EBED-4583C874861F}.Release|Any CPU.Build.0 = Release|Any CPU
		{F16DE517-F8C5-FABA-EBED-4583C874861F}.Release|x64.ActiveCfg = Release|Any CPU
		{F16DE517-F8C5-FABA-EBED-4583C874861F}.Release|x64.Build.0 = Release|Any CPU
		{F16DE517-F8C5-FABA-EBED-4583C874861F}.Release|x86.ActiveCfg = Release|Any CPU
		{F16DE517-F8C5-FABA-EBED-4583C874861F}.Release|x86.Build.0 = Release|Any CPU
		{A6438549-731B-7C7C-82DD-1F6DA504429E}.Debug|Any CPU.ActiveCfg = Debug|Any CPU
		{A6438549-731B-7C7C-82DD-1F6DA504429E}.Debug|Any CPU.Build.0 = Debug|Any CPU
		{A6438549-731B-7C7C-82DD-1F6DA504429E}.Debug|x64.ActiveCfg = Debug|Any CPU
		{A6438549-731B-7C7C-82DD-1F6DA504429E}.Debug|x64.Build.0 = Debug|Any CPU
		{A6438549-731B-7C7C-82DD-1F6DA504429E}.Debug|x86.ActiveCfg = Debug|Any CPU
		{A6438549-731B-7C7C-82DD-1F6DA504429E}.Debug|x86.Build.0 = Debug|Any CPU
		{A6438549-731B-7C7C-82DD-1F6DA504429E}.Release|Any CPU.ActiveCfg = Release|Any CPU
		{A6438549-731B-7C7C-82DD-1F6DA504429E}.Release|Any CPU.Build.0 = Release|Any CPU
		{A6438549-731B-7C7C-82DD-1F6DA504429E}.Release|x64.ActiveCfg = Release|Any CPU
		{A6438549-731B-7C7C-82DD-1F6DA504429E}.Release|x64.Build.0 = Release|Any CPU
		{A6438549-731B-7C7C-82DD-1F6DA504429E}.Release|x86.ActiveCfg = Release|Any CPU
		{A6438549-731B-7C7C-82DD-1F6DA504429E}.Release|x86.Build.0 = Release|Any CPU
		{02244906-0B64-4CF6-BF13-9D5504044092}.Debug|Any CPU.ActiveCfg = Debug|Any CPU
		{02244906-0B64-4CF6-BF13-9D5504044092}.Debug|Any CPU.Build.0 = Debug|Any CPU
		{02244906-0B64-4CF6-BF13-9D5504044092}.Debug|x64.ActiveCfg = Debug|Any CPU
		{02244906-0B64-4CF6-BF13-9D5504044092}.Debug|x64.Build.0 = Debug|Any CPU
		{02244906-0B64-4CF6-BF13-9D5504044092}.Debug|x86.ActiveCfg = Debug|Any CPU
		{02244906-0B64-4CF6-BF13-9D5504044092}.Debug|x86.Build.0 = Debug|Any CPU
		{02244906-0B64-4CF6-BF13-9D5504044092}.Release|Any CPU.ActiveCfg = Release|Any CPU
		{02244906-0B64-4CF6-BF13-9D5504044092}.Release|Any CPU.Build.0 = Release|Any CPU
		{02244906-0B64-4CF6-BF13-9D5504044092}.Release|x64.ActiveCfg = Release|Any CPU
		{02244906-0B64-4CF6-BF13-9D5504044092}.Release|x64.Build.0 = Release|Any CPU
		{02244906-0B64-4CF6-BF13-9D5504044092}.Release|x86.ActiveCfg = Release|Any CPU
		{02244906-0B64-4CF6-BF13-9D5504044092}.Release|x86.Build.0 = Release|Any CPU
		{6E560CB5-6800-4910-8C13-D0B6ECF175C6}.Debug|Any CPU.ActiveCfg = Debug|Any CPU
		{6E560CB5-6800-4910-8C13-D0B6ECF175C6}.Debug|Any CPU.Build.0 = Debug|Any CPU
		{6E560CB5-6800-4910-8C13-D0B6ECF175C6}.Debug|x64.ActiveCfg = Debug|Any CPU
		{6E560CB5-6800-4910-8C13-D0B6ECF175C6}.Debug|x64.Build.0 = Debug|Any CPU
		{6E560CB5-6800-4910-8C13-D0B6ECF175C6}.Debug|x86.ActiveCfg = Debug|Any CPU
		{6E560CB5-6800-4910-8C13-D0B6ECF175C6}.Debug|x86.Build.0 = Debug|Any CPU
		{6E560CB5-6800-4910-8C13-D0B6ECF175C6}.Release|Any CPU.ActiveCfg = Release|Any CPU
		{6E560CB5-6800-4910-8C13-D0B6ECF175C6}.Release|Any CPU.Build.0 = Release|Any CPU
		{6E560CB5-6800-4910-8C13-D0B6ECF175C6}.Release|x64.ActiveCfg = Release|Any CPU
		{6E560CB5-6800-4910-8C13-D0B6ECF175C6}.Release|x64.Build.0 = Release|Any CPU
		{6E560CB5-6800-4910-8C13-D0B6ECF175C6}.Release|x86.ActiveCfg = Release|Any CPU
		{6E560CB5-6800-4910-8C13-D0B6ECF175C6}.Release|x86.Build.0 = Release|Any CPU
		{89D8B6DE-1C6A-44C2-BC1E-454C0BB2922A}.Debug|Any CPU.ActiveCfg = Debug|Any CPU
		{89D8B6DE-1C6A-44C2-BC1E-454C0BB2922A}.Debug|Any CPU.Build.0 = Debug|Any CPU
		{89D8B6DE-1C6A-44C2-BC1E-454C0BB2922A}.Debug|x64.ActiveCfg = Debug|Any CPU
		{89D8B6DE-1C6A-44C2-BC1E-454C0BB2922A}.Debug|x64.Build.0 = Debug|Any CPU
		{89D8B6DE-1C6A-44C2-BC1E-454C0BB2922A}.Debug|x86.ActiveCfg = Debug|Any CPU
		{89D8B6DE-1C6A-44C2-BC1E-454C0BB2922A}.Debug|x86.Build.0 = Debug|Any CPU
		{89D8B6DE-1C6A-44C2-BC1E-454C0BB2922A}.Release|Any CPU.ActiveCfg = Release|Any CPU
		{89D8B6DE-1C6A-44C2-BC1E-454C0BB2922A}.Release|Any CPU.Build.0 = Release|Any CPU
		{89D8B6DE-1C6A-44C2-BC1E-454C0BB2922A}.Release|x64.ActiveCfg = Release|Any CPU
		{89D8B6DE-1C6A-44C2-BC1E-454C0BB2922A}.Release|x64.Build.0 = Release|Any CPU
		{89D8B6DE-1C6A-44C2-BC1E-454C0BB2922A}.Release|x86.ActiveCfg = Release|Any CPU
		{89D8B6DE-1C6A-44C2-BC1E-454C0BB2922A}.Release|x86.Build.0 = Release|Any CPU
		{1302D112-0CAF-40CA-8E79-3B1C927EC19C}.Debug|Any CPU.ActiveCfg = Debug|Any CPU
		{1302D112-0CAF-40CA-8E79-3B1C927EC19C}.Debug|Any CPU.Build.0 = Debug|Any CPU
		{1302D112-0CAF-40CA-8E79-3B1C927EC19C}.Debug|x64.ActiveCfg = Debug|Any CPU
		{1302D112-0CAF-40CA-8E79-3B1C927EC19C}.Debug|x64.Build.0 = Debug|Any CPU
		{1302D112-0CAF-40CA-8E79-3B1C927EC19C}.Debug|x86.ActiveCfg = Debug|Any CPU
		{1302D112-0CAF-40CA-8E79-3B1C927EC19C}.Debug|x86.Build.0 = Debug|Any CPU
		{1302D112-0CAF-40CA-8E79-3B1C927EC19C}.Release|Any CPU.ActiveCfg = Release|Any CPU
		{1302D112-0CAF-40CA-8E79-3B1C927EC19C}.Release|Any CPU.Build.0 = Release|Any CPU
		{1302D112-0CAF-40CA-8E79-3B1C927EC19C}.Release|x64.ActiveCfg = Release|Any CPU
		{1302D112-0CAF-40CA-8E79-3B1C927EC19C}.Release|x64.Build.0 = Release|Any CPU
		{1302D112-0CAF-40CA-8E79-3B1C927EC19C}.Release|x86.ActiveCfg = Release|Any CPU
		{1302D112-0CAF-40CA-8E79-3B1C927EC19C}.Release|x86.Build.0 = Release|Any CPU
		{A8997834-8C7D-44B4-9F1C-A67DDF7F7B70}.Debug|Any CPU.ActiveCfg = Debug|Any CPU
		{A8997834-8C7D-44B4-9F1C-A67DDF7F7B70}.Debug|Any CPU.Build.0 = Debug|Any CPU
		{A8997834-8C7D-44B4-9F1C-A67DDF7F7B70}.Debug|x64.ActiveCfg = Debug|Any CPU
		{A8997834-8C7D-44B4-9F1C-A67DDF7F7B70}.Debug|x64.Build.0 = Debug|Any CPU
		{A8997834-8C7D-44B4-9F1C-A67DDF7F7B70}.Debug|x86.ActiveCfg = Debug|Any CPU
		{A8997834-8C7D-44B4-9F1C-A67DDF7F7B70}.Debug|x86.Build.0 = Debug|Any CPU
		{A8997834-8C7D-44B4-9F1C-A67DDF7F7B70}.Release|Any CPU.ActiveCfg = Release|Any CPU
		{A8997834-8C7D-44B4-9F1C-A67DDF7F7B70}.Release|Any CPU.Build.0 = Release|Any CPU
		{A8997834-8C7D-44B4-9F1C-A67DDF7F7B70}.Release|x64.ActiveCfg = Release|Any CPU
		{A8997834-8C7D-44B4-9F1C-A67DDF7F7B70}.Release|x64.Build.0 = Release|Any CPU
		{A8997834-8C7D-44B4-9F1C-A67DDF7F7B70}.Release|x86.ActiveCfg = Release|Any CPU
		{A8997834-8C7D-44B4-9F1C-A67DDF7F7B70}.Release|x86.Build.0 = Release|Any CPU
		{B60A557F-C37F-43CC-A408-43C179580277}.Debug|Any CPU.ActiveCfg = Debug|x64
		{B60A557F-C37F-43CC-A408-43C179580277}.Debug|Any CPU.Build.0 = Debug|x64
		{B60A557F-C37F-43CC-A408-43C179580277}.Debug|x64.ActiveCfg = Debug|x64
		{B60A557F-C37F-43CC-A408-43C179580277}.Debug|x64.Build.0 = Debug|x64
		{B60A557F-C37F-43CC-A408-43C179580277}.Debug|x86.ActiveCfg = Debug|x64
		{B60A557F-C37F-43CC-A408-43C179580277}.Debug|x86.Build.0 = Debug|x64
		{B60A557F-C37F-43CC-A408-43C179580277}.Release|Any CPU.ActiveCfg = Release|x64
		{B60A557F-C37F-43CC-A408-43C179580277}.Release|Any CPU.Build.0 = Release|x64
		{B60A557F-C37F-43CC-A408-43C179580277}.Release|x64.ActiveCfg = Release|x64
		{B60A557F-C37F-43CC-A408-43C179580277}.Release|x64.Build.0 = Release|x64
		{B60A557F-C37F-43CC-A408-43C179580277}.Release|x86.ActiveCfg = Release|x64
		{B60A557F-C37F-43CC-A408-43C179580277}.Release|x86.Build.0 = Release|x64
		{8C6712CE-342D-462C-95C4-7AB0D54E2F55}.Debug|Any CPU.ActiveCfg = Debug|Any CPU
		{8C6712CE-342D-462C-95C4-7AB0D54E2F55}.Debug|Any CPU.Build.0 = Debug|Any CPU
		{8C6712CE-342D-462C-95C4-7AB0D54E2F55}.Debug|x64.ActiveCfg = Debug|Any CPU
		{8C6712CE-342D-462C-95C4-7AB0D54E2F55}.Debug|x64.Build.0 = Debug|Any CPU
		{8C6712CE-342D-462C-95C4-7AB0D54E2F55}.Debug|x86.ActiveCfg = Debug|Any CPU
		{8C6712CE-342D-462C-95C4-7AB0D54E2F55}.Debug|x86.Build.0 = Debug|Any CPU
		{8C6712CE-342D-462C-95C4-7AB0D54E2F55}.Release|Any CPU.ActiveCfg = Release|Any CPU
		{8C6712CE-342D-462C-95C4-7AB0D54E2F55}.Release|Any CPU.Build.0 = Release|Any CPU
		{8C6712CE-342D-462C-95C4-7AB0D54E2F55}.Release|x64.ActiveCfg = Release|Any CPU
		{8C6712CE-342D-462C-95C4-7AB0D54E2F55}.Release|x64.Build.0 = Release|Any CPU
		{8C6712CE-342D-462C-95C4-7AB0D54E2F55}.Release|x86.ActiveCfg = Release|Any CPU
		{8C6712CE-342D-462C-95C4-7AB0D54E2F55}.Release|x86.Build.0 = Release|Any CPU
		{2C49F8DD-6D7C-4E02-B908-A37240F1E89B}.Debug|Any CPU.ActiveCfg = Debug|x64
		{2C49F8DD-6D7C-4E02-B908-A37240F1E89B}.Debug|Any CPU.Build.0 = Debug|x64
		{2C49F8DD-6D7C-4E02-B908-A37240F1E89B}.Debug|x64.ActiveCfg = Debug|x64
		{2C49F8DD-6D7C-4E02-B908-A37240F1E89B}.Debug|x64.Build.0 = Debug|x64
		{2C49F8DD-6D7C-4E02-B908-A37240F1E89B}.Debug|x86.ActiveCfg = Debug|x64
		{2C49F8DD-6D7C-4E02-B908-A37240F1E89B}.Debug|x86.Build.0 = Debug|x64
		{2C49F8DD-6D7C-4E02-B908-A37240F1E89B}.Release|Any CPU.ActiveCfg = Release|x64
		{2C49F8DD-6D7C-4E02-B908-A37240F1E89B}.Release|Any CPU.Build.0 = Release|x64
		{2C49F8DD-6D7C-4E02-B908-A37240F1E89B}.Release|x64.ActiveCfg = Release|x64
		{2C49F8DD-6D7C-4E02-B908-A37240F1E89B}.Release|x64.Build.0 = Release|x64
		{2C49F8DD-6D7C-4E02-B908-A37240F1E89B}.Release|x86.ActiveCfg = Release|x64
		{2C49F8DD-6D7C-4E02-B908-A37240F1E89B}.Release|x86.Build.0 = Release|x64
		{D1775831-1554-4050-92E5-C994908C7A3D}.Debug|Any CPU.ActiveCfg = Debug|Any CPU
		{D1775831-1554-4050-92E5-C994908C7A3D}.Debug|Any CPU.Build.0 = Debug|Any CPU
		{D1775831-1554-4050-92E5-C994908C7A3D}.Debug|x64.ActiveCfg = Debug|Any CPU
		{D1775831-1554-4050-92E5-C994908C7A3D}.Debug|x64.Build.0 = Debug|Any CPU
		{D1775831-1554-4050-92E5-C994908C7A3D}.Debug|x86.ActiveCfg = Debug|Any CPU
		{D1775831-1554-4050-92E5-C994908C7A3D}.Debug|x86.Build.0 = Debug|Any CPU
		{D1775831-1554-4050-92E5-C994908C7A3D}.Release|Any CPU.ActiveCfg = Release|Any CPU
		{D1775831-1554-4050-92E5-C994908C7A3D}.Release|Any CPU.Build.0 = Release|Any CPU
		{D1775831-1554-4050-92E5-C994908C7A3D}.Release|x64.ActiveCfg = Release|Any CPU
		{D1775831-1554-4050-92E5-C994908C7A3D}.Release|x64.Build.0 = Release|Any CPU
		{D1775831-1554-4050-92E5-C994908C7A3D}.Release|x86.ActiveCfg = Release|Any CPU
		{D1775831-1554-4050-92E5-C994908C7A3D}.Release|x86.Build.0 = Release|Any CPU
		{759E22B4-CB07-4563-8D81-B29CC03541B8}.Debug|Any CPU.ActiveCfg = Debug|Any CPU
		{759E22B4-CB07-4563-8D81-B29CC03541B8}.Debug|Any CPU.Build.0 = Debug|Any CPU
		{759E22B4-CB07-4563-8D81-B29CC03541B8}.Debug|x64.ActiveCfg = Debug|Any CPU
		{759E22B4-CB07-4563-8D81-B29CC03541B8}.Debug|x64.Build.0 = Debug|Any CPU
		{759E22B4-CB07-4563-8D81-B29CC03541B8}.Debug|x86.ActiveCfg = Debug|Any CPU
		{759E22B4-CB07-4563-8D81-B29CC03541B8}.Debug|x86.Build.0 = Debug|Any CPU
		{759E22B4-CB07-4563-8D81-B29CC03541B8}.Release|Any CPU.ActiveCfg = Release|Any CPU
		{759E22B4-CB07-4563-8D81-B29CC03541B8}.Release|Any CPU.Build.0 = Release|Any CPU
		{759E22B4-CB07-4563-8D81-B29CC03541B8}.Release|x64.ActiveCfg = Release|Any CPU
		{759E22B4-CB07-4563-8D81-B29CC03541B8}.Release|x64.Build.0 = Release|Any CPU
		{759E22B4-CB07-4563-8D81-B29CC03541B8}.Release|x86.ActiveCfg = Release|Any CPU
		{759E22B4-CB07-4563-8D81-B29CC03541B8}.Release|x86.Build.0 = Release|Any CPU
		{BA2FF034-7B76-4A22-9F67-1D73E618FA4B}.Debug|Any CPU.ActiveCfg = Debug|Any CPU
		{BA2FF034-7B76-4A22-9F67-1D73E618FA4B}.Debug|Any CPU.Build.0 = Debug|Any CPU
		{BA2FF034-7B76-4A22-9F67-1D73E618FA4B}.Debug|x64.ActiveCfg = Debug|Any CPU
		{BA2FF034-7B76-4A22-9F67-1D73E618FA4B}.Debug|x64.Build.0 = Debug|Any CPU
		{BA2FF034-7B76-4A22-9F67-1D73E618FA4B}.Debug|x86.ActiveCfg = Debug|Any CPU
		{BA2FF034-7B76-4A22-9F67-1D73E618FA4B}.Debug|x86.Build.0 = Debug|Any CPU
		{BA2FF034-7B76-4A22-9F67-1D73E618FA4B}.Release|Any CPU.ActiveCfg = Release|Any CPU
		{BA2FF034-7B76-4A22-9F67-1D73E618FA4B}.Release|Any CPU.Build.0 = Release|Any CPU
		{BA2FF034-7B76-4A22-9F67-1D73E618FA4B}.Release|x64.ActiveCfg = Release|Any CPU
		{BA2FF034-7B76-4A22-9F67-1D73E618FA4B}.Release|x64.Build.0 = Release|Any CPU
		{BA2FF034-7B76-4A22-9F67-1D73E618FA4B}.Release|x86.ActiveCfg = Release|Any CPU
		{BA2FF034-7B76-4A22-9F67-1D73E618FA4B}.Release|x86.Build.0 = Release|Any CPU
		{B24E5CFE-9DFF-4C6A-B931-F295AD7BF990}.Debug|Any CPU.ActiveCfg = Debug|Any CPU
		{B24E5CFE-9DFF-4C6A-B931-F295AD7BF990}.Debug|Any CPU.Build.0 = Debug|Any CPU
		{B24E5CFE-9DFF-4C6A-B931-F295AD7BF990}.Debug|x64.ActiveCfg = Debug|Any CPU
		{B24E5CFE-9DFF-4C6A-B931-F295AD7BF990}.Debug|x64.Build.0 = Debug|Any CPU
		{B24E5CFE-9DFF-4C6A-B931-F295AD7BF990}.Debug|x86.ActiveCfg = Debug|Any CPU
		{B24E5CFE-9DFF-4C6A-B931-F295AD7BF990}.Debug|x86.Build.0 = Debug|Any CPU
		{B24E5CFE-9DFF-4C6A-B931-F295AD7BF990}.Release|Any CPU.ActiveCfg = Release|Any CPU
		{B24E5CFE-9DFF-4C6A-B931-F295AD7BF990}.Release|Any CPU.Build.0 = Release|Any CPU
		{B24E5CFE-9DFF-4C6A-B931-F295AD7BF990}.Release|x64.ActiveCfg = Release|Any CPU
		{B24E5CFE-9DFF-4C6A-B931-F295AD7BF990}.Release|x64.Build.0 = Release|Any CPU
		{B24E5CFE-9DFF-4C6A-B931-F295AD7BF990}.Release|x86.ActiveCfg = Release|Any CPU
		{B24E5CFE-9DFF-4C6A-B931-F295AD7BF990}.Release|x86.Build.0 = Release|Any CPU
		{18790A4C-AA95-4AAA-A923-DEDF21656C6E}.Debug|Any CPU.ActiveCfg = Debug|Any CPU
		{18790A4C-AA95-4AAA-A923-DEDF21656C6E}.Debug|Any CPU.Build.0 = Debug|Any CPU
		{18790A4C-AA95-4AAA-A923-DEDF21656C6E}.Debug|x64.ActiveCfg = Debug|Any CPU
		{18790A4C-AA95-4AAA-A923-DEDF21656C6E}.Debug|x64.Build.0 = Debug|Any CPU
		{18790A4C-AA95-4AAA-A923-DEDF21656C6E}.Debug|x86.ActiveCfg = Debug|Any CPU
		{18790A4C-AA95-4AAA-A923-DEDF21656C6E}.Debug|x86.Build.0 = Debug|Any CPU
		{18790A4C-AA95-4AAA-A923-DEDF21656C6E}.Release|Any CPU.ActiveCfg = Release|Any CPU
		{18790A4C-AA95-4AAA-A923-DEDF21656C6E}.Release|Any CPU.Build.0 = Release|Any CPU
		{18790A4C-AA95-4AAA-A923-DEDF21656C6E}.Release|x64.ActiveCfg = Release|Any CPU
		{18790A4C-AA95-4AAA-A923-DEDF21656C6E}.Release|x64.Build.0 = Release|Any CPU
		{18790A4C-AA95-4AAA-A923-DEDF21656C6E}.Release|x86.ActiveCfg = Release|Any CPU
		{18790A4C-AA95-4AAA-A923-DEDF21656C6E}.Release|x86.Build.0 = Release|Any CPU
		{7ED0BA9F-CD40-4E16-9EA6-93B0FE6D312E}.Debug|Any CPU.ActiveCfg = Debug|Any CPU
		{7ED0BA9F-CD40-4E16-9EA6-93B0FE6D312E}.Debug|Any CPU.Build.0 = Debug|Any CPU
		{7ED0BA9F-CD40-4E16-9EA6-93B0FE6D312E}.Debug|x64.ActiveCfg = Debug|Any CPU
		{7ED0BA9F-CD40-4E16-9EA6-93B0FE6D312E}.Debug|x64.Build.0 = Debug|Any CPU
		{7ED0BA9F-CD40-4E16-9EA6-93B0FE6D312E}.Debug|x86.ActiveCfg = Debug|Any CPU
		{7ED0BA9F-CD40-4E16-9EA6-93B0FE6D312E}.Debug|x86.Build.0 = Debug|Any CPU
		{7ED0BA9F-CD40-4E16-9EA6-93B0FE6D312E}.Release|Any CPU.ActiveCfg = Release|Any CPU
		{7ED0BA9F-CD40-4E16-9EA6-93B0FE6D312E}.Release|Any CPU.Build.0 = Release|Any CPU
		{7ED0BA9F-CD40-4E16-9EA6-93B0FE6D312E}.Release|x64.ActiveCfg = Release|Any CPU
		{7ED0BA9F-CD40-4E16-9EA6-93B0FE6D312E}.Release|x64.Build.0 = Release|Any CPU
		{7ED0BA9F-CD40-4E16-9EA6-93B0FE6D312E}.Release|x86.ActiveCfg = Release|Any CPU
		{7ED0BA9F-CD40-4E16-9EA6-93B0FE6D312E}.Release|x86.Build.0 = Release|Any CPU
		{6F554045-697C-4AF5-A4A1-A41CC7E9C617}.Debug|Any CPU.ActiveCfg = Debug|Any CPU
		{6F554045-697C-4AF5-A4A1-A41CC7E9C617}.Debug|Any CPU.Build.0 = Debug|Any CPU
		{6F554045-697C-4AF5-A4A1-A41CC7E9C617}.Debug|x64.ActiveCfg = Debug|Any CPU
		{6F554045-697C-4AF5-A4A1-A41CC7E9C617}.Debug|x64.Build.0 = Debug|Any CPU
		{6F554045-697C-4AF5-A4A1-A41CC7E9C617}.Debug|x86.ActiveCfg = Debug|Any CPU
		{6F554045-697C-4AF5-A4A1-A41CC7E9C617}.Debug|x86.Build.0 = Debug|Any CPU
		{6F554045-697C-4AF5-A4A1-A41CC7E9C617}.Release|Any CPU.ActiveCfg = Release|Any CPU
		{6F554045-697C-4AF5-A4A1-A41CC7E9C617}.Release|Any CPU.Build.0 = Release|Any CPU
		{6F554045-697C-4AF5-A4A1-A41CC7E9C617}.Release|x64.ActiveCfg = Release|Any CPU
		{6F554045-697C-4AF5-A4A1-A41CC7E9C617}.Release|x64.Build.0 = Release|Any CPU
		{6F554045-697C-4AF5-A4A1-A41CC7E9C617}.Release|x86.ActiveCfg = Release|Any CPU
		{6F554045-697C-4AF5-A4A1-A41CC7E9C617}.Release|x86.Build.0 = Release|Any CPU
		{1E29E49D-A3ED-4324-BE17-AAB0D909F643}.Debug|Any CPU.ActiveCfg = Debug|Any CPU
		{1E29E49D-A3ED-4324-BE17-AAB0D909F643}.Debug|Any CPU.Build.0 = Debug|Any CPU
		{1E29E49D-A3ED-4324-BE17-AAB0D909F643}.Debug|x64.ActiveCfg = Debug|Any CPU
		{1E29E49D-A3ED-4324-BE17-AAB0D909F643}.Debug|x64.Build.0 = Debug|Any CPU
		{1E29E49D-A3ED-4324-BE17-AAB0D909F643}.Debug|x86.ActiveCfg = Debug|Any CPU
		{1E29E49D-A3ED-4324-BE17-AAB0D909F643}.Debug|x86.Build.0 = Debug|Any CPU
		{1E29E49D-A3ED-4324-BE17-AAB0D909F643}.Release|Any CPU.ActiveCfg = Release|Any CPU
		{1E29E49D-A3ED-4324-BE17-AAB0D909F643}.Release|Any CPU.Build.0 = Release|Any CPU
		{1E29E49D-A3ED-4324-BE17-AAB0D909F643}.Release|x64.ActiveCfg = Release|Any CPU
		{1E29E49D-A3ED-4324-BE17-AAB0D909F643}.Release|x64.Build.0 = Release|Any CPU
		{1E29E49D-A3ED-4324-BE17-AAB0D909F643}.Release|x86.ActiveCfg = Release|Any CPU
		{1E29E49D-A3ED-4324-BE17-AAB0D909F643}.Release|x86.Build.0 = Release|Any CPU
		{138BCCBA-EE6A-4D86-8661-9497F6AF8397}.Debug|Any CPU.ActiveCfg = Debug|Any CPU
		{138BCCBA-EE6A-4D86-8661-9497F6AF8397}.Debug|Any CPU.Build.0 = Debug|Any CPU
		{138BCCBA-EE6A-4D86-8661-9497F6AF8397}.Debug|x64.ActiveCfg = Debug|Any CPU
		{138BCCBA-EE6A-4D86-8661-9497F6AF8397}.Debug|x64.Build.0 = Debug|Any CPU
		{138BCCBA-EE6A-4D86-8661-9497F6AF8397}.Debug|x86.ActiveCfg = Debug|Any CPU
		{138BCCBA-EE6A-4D86-8661-9497F6AF8397}.Debug|x86.Build.0 = Debug|Any CPU
		{138BCCBA-EE6A-4D86-8661-9497F6AF8397}.Release|Any CPU.ActiveCfg = Release|Any CPU
		{138BCCBA-EE6A-4D86-8661-9497F6AF8397}.Release|Any CPU.Build.0 = Release|Any CPU
		{138BCCBA-EE6A-4D86-8661-9497F6AF8397}.Release|x64.ActiveCfg = Release|Any CPU
		{138BCCBA-EE6A-4D86-8661-9497F6AF8397}.Release|x64.Build.0 = Release|Any CPU
		{138BCCBA-EE6A-4D86-8661-9497F6AF8397}.Release|x86.ActiveCfg = Release|Any CPU
		{138BCCBA-EE6A-4D86-8661-9497F6AF8397}.Release|x86.Build.0 = Release|Any CPU
		{66840AFB-CBE1-408C-B3DC-177DDA5AE5E8}.Debug|Any CPU.ActiveCfg = Debug|Any CPU
		{66840AFB-CBE1-408C-B3DC-177DDA5AE5E8}.Debug|Any CPU.Build.0 = Debug|Any CPU
		{66840AFB-CBE1-408C-B3DC-177DDA5AE5E8}.Debug|x64.ActiveCfg = Debug|Any CPU
		{66840AFB-CBE1-408C-B3DC-177DDA5AE5E8}.Debug|x64.Build.0 = Debug|Any CPU
		{66840AFB-CBE1-408C-B3DC-177DDA5AE5E8}.Debug|x86.ActiveCfg = Debug|Any CPU
		{66840AFB-CBE1-408C-B3DC-177DDA5AE5E8}.Debug|x86.Build.0 = Debug|Any CPU
		{66840AFB-CBE1-408C-B3DC-177DDA5AE5E8}.Release|Any CPU.ActiveCfg = Release|Any CPU
		{66840AFB-CBE1-408C-B3DC-177DDA5AE5E8}.Release|Any CPU.Build.0 = Release|Any CPU
		{66840AFB-CBE1-408C-B3DC-177DDA5AE5E8}.Release|x64.ActiveCfg = Release|Any CPU
		{66840AFB-CBE1-408C-B3DC-177DDA5AE5E8}.Release|x64.Build.0 = Release|Any CPU
		{66840AFB-CBE1-408C-B3DC-177DDA5AE5E8}.Release|x86.ActiveCfg = Release|Any CPU
		{66840AFB-CBE1-408C-B3DC-177DDA5AE5E8}.Release|x86.Build.0 = Release|Any CPU
		{EBF445F1-AC18-4F0D-9444-1C66BED56711}.Debug|Any CPU.ActiveCfg = Debug|Any CPU
		{EBF445F1-AC18-4F0D-9444-1C66BED56711}.Debug|Any CPU.Build.0 = Debug|Any CPU
		{EBF445F1-AC18-4F0D-9444-1C66BED56711}.Debug|x64.ActiveCfg = Debug|Any CPU
		{EBF445F1-AC18-4F0D-9444-1C66BED56711}.Debug|x64.Build.0 = Debug|Any CPU
		{EBF445F1-AC18-4F0D-9444-1C66BED56711}.Debug|x86.ActiveCfg = Debug|Any CPU
		{EBF445F1-AC18-4F0D-9444-1C66BED56711}.Debug|x86.Build.0 = Debug|Any CPU
		{EBF445F1-AC18-4F0D-9444-1C66BED56711}.Release|Any CPU.ActiveCfg = Release|Any CPU
		{EBF445F1-AC18-4F0D-9444-1C66BED56711}.Release|Any CPU.Build.0 = Release|Any CPU
		{EBF445F1-AC18-4F0D-9444-1C66BED56711}.Release|x64.ActiveCfg = Release|Any CPU
		{EBF445F1-AC18-4F0D-9444-1C66BED56711}.Release|x64.Build.0 = Release|Any CPU
		{EBF445F1-AC18-4F0D-9444-1C66BED56711}.Release|x86.ActiveCfg = Release|Any CPU
		{EBF445F1-AC18-4F0D-9444-1C66BED56711}.Release|x86.Build.0 = Release|Any CPU
		{D87944A4-ED4C-49D7-B442-0C8ED8B35EDC}.Debug|Any CPU.ActiveCfg = Debug|Any CPU
		{D87944A4-ED4C-49D7-B442-0C8ED8B35EDC}.Debug|Any CPU.Build.0 = Debug|Any CPU
		{D87944A4-ED4C-49D7-B442-0C8ED8B35EDC}.Debug|x64.ActiveCfg = Debug|Any CPU
		{D87944A4-ED4C-49D7-B442-0C8ED8B35EDC}.Debug|x64.Build.0 = Debug|Any CPU
		{D87944A4-ED4C-49D7-B442-0C8ED8B35EDC}.Debug|x86.ActiveCfg = Debug|Any CPU
		{D87944A4-ED4C-49D7-B442-0C8ED8B35EDC}.Debug|x86.Build.0 = Debug|Any CPU
		{D87944A4-ED4C-49D7-B442-0C8ED8B35EDC}.Release|Any CPU.ActiveCfg = Release|Any CPU
		{D87944A4-ED4C-49D7-B442-0C8ED8B35EDC}.Release|Any CPU.Build.0 = Release|Any CPU
		{D87944A4-ED4C-49D7-B442-0C8ED8B35EDC}.Release|x64.ActiveCfg = Release|Any CPU
		{D87944A4-ED4C-49D7-B442-0C8ED8B35EDC}.Release|x64.Build.0 = Release|Any CPU
		{D87944A4-ED4C-49D7-B442-0C8ED8B35EDC}.Release|x86.ActiveCfg = Release|Any CPU
		{D87944A4-ED4C-49D7-B442-0C8ED8B35EDC}.Release|x86.Build.0 = Release|Any CPU
		{866955C4-27D6-13A2-8BF7-D8D60B778E07}.Debug|Any CPU.ActiveCfg = Debug|Any CPU
		{866955C4-27D6-13A2-8BF7-D8D60B778E07}.Debug|Any CPU.Build.0 = Debug|Any CPU
		{866955C4-27D6-13A2-8BF7-D8D60B778E07}.Debug|x64.ActiveCfg = Debug|Any CPU
		{866955C4-27D6-13A2-8BF7-D8D60B778E07}.Debug|x64.Build.0 = Debug|Any CPU
		{866955C4-27D6-13A2-8BF7-D8D60B778E07}.Debug|x86.ActiveCfg = Debug|Any CPU
		{866955C4-27D6-13A2-8BF7-D8D60B778E07}.Debug|x86.Build.0 = Debug|Any CPU
		{866955C4-27D6-13A2-8BF7-D8D60B778E07}.Release|Any CPU.ActiveCfg = Release|Any CPU
		{866955C4-27D6-13A2-8BF7-D8D60B778E07}.Release|Any CPU.Build.0 = Release|Any CPU
		{866955C4-27D6-13A2-8BF7-D8D60B778E07}.Release|x64.ActiveCfg = Release|Any CPU
		{866955C4-27D6-13A2-8BF7-D8D60B778E07}.Release|x64.Build.0 = Release|Any CPU
		{866955C4-27D6-13A2-8BF7-D8D60B778E07}.Release|x86.ActiveCfg = Release|Any CPU
		{866955C4-27D6-13A2-8BF7-D8D60B778E07}.Release|x86.Build.0 = Release|Any CPU
		{89C02029-AC5C-5045-26B5-06CCAC7B7E6C}.Debug|Any CPU.ActiveCfg = Debug|Any CPU
		{89C02029-AC5C-5045-26B5-06CCAC7B7E6C}.Debug|Any CPU.Build.0 = Debug|Any CPU
		{89C02029-AC5C-5045-26B5-06CCAC7B7E6C}.Debug|x64.ActiveCfg = Debug|Any CPU
		{89C02029-AC5C-5045-26B5-06CCAC7B7E6C}.Debug|x64.Build.0 = Debug|Any CPU
		{89C02029-AC5C-5045-26B5-06CCAC7B7E6C}.Debug|x86.ActiveCfg = Debug|Any CPU
		{89C02029-AC5C-5045-26B5-06CCAC7B7E6C}.Debug|x86.Build.0 = Debug|Any CPU
		{89C02029-AC5C-5045-26B5-06CCAC7B7E6C}.Release|Any CPU.ActiveCfg = Release|Any CPU
		{89C02029-AC5C-5045-26B5-06CCAC7B7E6C}.Release|Any CPU.Build.0 = Release|Any CPU
		{89C02029-AC5C-5045-26B5-06CCAC7B7E6C}.Release|x64.ActiveCfg = Release|Any CPU
		{89C02029-AC5C-5045-26B5-06CCAC7B7E6C}.Release|x64.Build.0 = Release|Any CPU
		{89C02029-AC5C-5045-26B5-06CCAC7B7E6C}.Release|x86.ActiveCfg = Release|Any CPU
		{89C02029-AC5C-5045-26B5-06CCAC7B7E6C}.Release|x86.Build.0 = Release|Any CPU
		{348FF866-EA37-42A5-B3AE-A3E7A7878546}.Debug|Any CPU.ActiveCfg = Debug|Any CPU
		{348FF866-EA37-42A5-B3AE-A3E7A7878546}.Debug|Any CPU.Build.0 = Debug|Any CPU
		{348FF866-EA37-42A5-B3AE-A3E7A7878546}.Debug|x64.ActiveCfg = Debug|Any CPU
		{348FF866-EA37-42A5-B3AE-A3E7A7878546}.Debug|x64.Build.0 = Debug|Any CPU
		{348FF866-EA37-42A5-B3AE-A3E7A7878546}.Debug|x86.ActiveCfg = Debug|Any CPU
		{348FF866-EA37-42A5-B3AE-A3E7A7878546}.Debug|x86.Build.0 = Debug|Any CPU
		{348FF866-EA37-42A5-B3AE-A3E7A7878546}.Release|Any CPU.ActiveCfg = Release|Any CPU
		{348FF866-EA37-42A5-B3AE-A3E7A7878546}.Release|Any CPU.Build.0 = Release|Any CPU
		{348FF866-EA37-42A5-B3AE-A3E7A7878546}.Release|x64.ActiveCfg = Release|Any CPU
		{348FF866-EA37-42A5-B3AE-A3E7A7878546}.Release|x64.Build.0 = Release|Any CPU
		{348FF866-EA37-42A5-B3AE-A3E7A7878546}.Release|x86.ActiveCfg = Release|Any CPU
		{348FF866-EA37-42A5-B3AE-A3E7A7878546}.Release|x86.Build.0 = Release|Any CPU
		{E954CAD4-0044-4957-9EBF-07297E136C16}.Debug|Any CPU.ActiveCfg = Debug|Any CPU
		{E954CAD4-0044-4957-9EBF-07297E136C16}.Debug|Any CPU.Build.0 = Debug|Any CPU
		{E954CAD4-0044-4957-9EBF-07297E136C16}.Debug|x64.ActiveCfg = Debug|Any CPU
		{E954CAD4-0044-4957-9EBF-07297E136C16}.Debug|x64.Build.0 = Debug|Any CPU
		{E954CAD4-0044-4957-9EBF-07297E136C16}.Debug|x86.ActiveCfg = Debug|Any CPU
		{E954CAD4-0044-4957-9EBF-07297E136C16}.Debug|x86.Build.0 = Debug|Any CPU
		{E954CAD4-0044-4957-9EBF-07297E136C16}.Release|Any CPU.ActiveCfg = Release|Any CPU
		{E954CAD4-0044-4957-9EBF-07297E136C16}.Release|Any CPU.Build.0 = Release|Any CPU
		{E954CAD4-0044-4957-9EBF-07297E136C16}.Release|x64.ActiveCfg = Release|Any CPU
		{E954CAD4-0044-4957-9EBF-07297E136C16}.Release|x64.Build.0 = Release|Any CPU
		{E954CAD4-0044-4957-9EBF-07297E136C16}.Release|x86.ActiveCfg = Release|Any CPU
		{E954CAD4-0044-4957-9EBF-07297E136C16}.Release|x86.Build.0 = Release|Any CPU
		{CB961432-3F09-42A4-90C3-DA3229F9E0C8}.Debug|Any CPU.ActiveCfg = Debug|Any CPU
		{CB961432-3F09-42A4-90C3-DA3229F9E0C8}.Debug|Any CPU.Build.0 = Debug|Any CPU
		{CB961432-3F09-42A4-90C3-DA3229F9E0C8}.Debug|x64.ActiveCfg = Debug|Any CPU
		{CB961432-3F09-42A4-90C3-DA3229F9E0C8}.Debug|x64.Build.0 = Debug|Any CPU
		{CB961432-3F09-42A4-90C3-DA3229F9E0C8}.Debug|x86.ActiveCfg = Debug|Any CPU
		{CB961432-3F09-42A4-90C3-DA3229F9E0C8}.Debug|x86.Build.0 = Debug|Any CPU
		{CB961432-3F09-42A4-90C3-DA3229F9E0C8}.Release|Any CPU.ActiveCfg = Release|Any CPU
		{CB961432-3F09-42A4-90C3-DA3229F9E0C8}.Release|Any CPU.Build.0 = Release|Any CPU
		{CB961432-3F09-42A4-90C3-DA3229F9E0C8}.Release|x64.ActiveCfg = Release|Any CPU
		{CB961432-3F09-42A4-90C3-DA3229F9E0C8}.Release|x64.Build.0 = Release|Any CPU
		{CB961432-3F09-42A4-90C3-DA3229F9E0C8}.Release|x86.ActiveCfg = Release|Any CPU
		{CB961432-3F09-42A4-90C3-DA3229F9E0C8}.Release|x86.Build.0 = Release|Any CPU
		{3B25755B-5A0F-4B5E-A0D3-71B1E42FBCAC}.Debug|Any CPU.ActiveCfg = Debug|Any CPU
		{3B25755B-5A0F-4B5E-A0D3-71B1E42FBCAC}.Debug|Any CPU.Build.0 = Debug|Any CPU
		{3B25755B-5A0F-4B5E-A0D3-71B1E42FBCAC}.Debug|x64.ActiveCfg = Debug|Any CPU
		{3B25755B-5A0F-4B5E-A0D3-71B1E42FBCAC}.Debug|x64.Build.0 = Debug|Any CPU
		{3B25755B-5A0F-4B5E-A0D3-71B1E42FBCAC}.Debug|x86.ActiveCfg = Debug|Any CPU
		{3B25755B-5A0F-4B5E-A0D3-71B1E42FBCAC}.Debug|x86.Build.0 = Debug|Any CPU
		{3B25755B-5A0F-4B5E-A0D3-71B1E42FBCAC}.Release|Any CPU.ActiveCfg = Release|Any CPU
		{3B25755B-5A0F-4B5E-A0D3-71B1E42FBCAC}.Release|Any CPU.Build.0 = Release|Any CPU
		{3B25755B-5A0F-4B5E-A0D3-71B1E42FBCAC}.Release|x64.ActiveCfg = Release|Any CPU
		{3B25755B-5A0F-4B5E-A0D3-71B1E42FBCAC}.Release|x64.Build.0 = Release|Any CPU
		{3B25755B-5A0F-4B5E-A0D3-71B1E42FBCAC}.Release|x86.ActiveCfg = Release|Any CPU
		{3B25755B-5A0F-4B5E-A0D3-71B1E42FBCAC}.Release|x86.Build.0 = Release|Any CPU
	EndGlobalSection
	GlobalSection(SolutionProperties) = preSolution
		HideSolutionNode = FALSE
	EndGlobalSection
	GlobalSection(NestedProjects) = preSolution
		{A9488B32-E02A-D73C-446B-780E35191A15} = {012DC2C3-F936-4CF4-AB3F-9BBF0A2D9DEE}
		{F06D26B1-23FF-16CF-823E-22FE17C5E779} = {012DC2C3-F936-4CF4-AB3F-9BBF0A2D9DEE}
		{66205DE8-B289-183F-35B6-A01CDB7E4044} = {012DC2C3-F936-4CF4-AB3F-9BBF0A2D9DEE}
		{CE30FC4D-463C-4917-BFCB-0DDA7794A66C} = {012DC2C3-F936-4CF4-AB3F-9BBF0A2D9DEE}
		{F16DE517-F8C5-FABA-EBED-4583C874861F} = {012DC2C3-F936-4CF4-AB3F-9BBF0A2D9DEE}
		{A6438549-731B-7C7C-82DD-1F6DA504429E} = {012DC2C3-F936-4CF4-AB3F-9BBF0A2D9DEE}
		{02244906-0B64-4CF6-BF13-9D5504044092} = {012DC2C3-F936-4CF4-AB3F-9BBF0A2D9DEE}
		{6E560CB5-6800-4910-8C13-D0B6ECF175C6} = {A6C25422-C503-4D12-A1BF-B2CA6A7747CC}
		{89D8B6DE-1C6A-44C2-BC1E-454C0BB2922A} = {012DC2C3-F936-4CF4-AB3F-9BBF0A2D9DEE}
		{1302D112-0CAF-40CA-8E79-3B1C927EC19C} = {A6C25422-C503-4D12-A1BF-B2CA6A7747CC}
		{A8997834-8C7D-44B4-9F1C-A67DDF7F7B70} = {A6C25422-C503-4D12-A1BF-B2CA6A7747CC}
		{B60A557F-C37F-43CC-A408-43C179580277} = {A6C25422-C503-4D12-A1BF-B2CA6A7747CC}
		{8C6712CE-342D-462C-95C4-7AB0D54E2F55} = {DADB95ED-2761-48FF-BD70-EBED4BF85F17}
		{2C49F8DD-6D7C-4E02-B908-A37240F1E89B} = {DADB95ED-2761-48FF-BD70-EBED4BF85F17}
		{D1775831-1554-4050-92E5-C994908C7A3D} = {DADB95ED-2761-48FF-BD70-EBED4BF85F17}
		{759E22B4-CB07-4563-8D81-B29CC03541B8} = {DADB95ED-2761-48FF-BD70-EBED4BF85F17}
		{BA2FF034-7B76-4A22-9F67-1D73E618FA4B} = {DADB95ED-2761-48FF-BD70-EBED4BF85F17}
		{5D2C67E3-C0E7-4CD2-B500-AFC6E429FE00} = {DADB95ED-2761-48FF-BD70-EBED4BF85F17}
		{B24E5CFE-9DFF-4C6A-B931-F295AD7BF990} = {012DC2C3-F936-4CF4-AB3F-9BBF0A2D9DEE}
		{18790A4C-AA95-4AAA-A923-DEDF21656C6E} = {012DC2C3-F936-4CF4-AB3F-9BBF0A2D9DEE}
		{7ED0BA9F-CD40-4E16-9EA6-93B0FE6D312E} = {D00C6FEB-3526-4620-A496-65E3E4F41318}
		{6F554045-697C-4AF5-A4A1-A41CC7E9C617} = {D00C6FEB-3526-4620-A496-65E3E4F41318}
		{1E29E49D-A3ED-4324-BE17-AAB0D909F643} = {A6C25422-C503-4D12-A1BF-B2CA6A7747CC}
		{138BCCBA-EE6A-4D86-8661-9497F6AF8397} = {012DC2C3-F936-4CF4-AB3F-9BBF0A2D9DEE}
		{66840AFB-CBE1-408C-B3DC-177DDA5AE5E8} = {012DC2C3-F936-4CF4-AB3F-9BBF0A2D9DEE}
		{EBF445F1-AC18-4F0D-9444-1C66BED56711} = {012DC2C3-F936-4CF4-AB3F-9BBF0A2D9DEE}
		{D87944A4-ED4C-49D7-B442-0C8ED8B35EDC} = {012DC2C3-F936-4CF4-AB3F-9BBF0A2D9DEE}
	EndGlobalSection
	GlobalSection(ExtensibilityGlobals) = postSolution
		SolutionGuid = {BE0AAA12-E97D-44AB-8468-BCF06B4E1161}
	EndGlobalSection
EndGlobal
