
Microsoft Visual Studio Solution File, Format Version 12.00
# Visual Studio Version 17
VisualStudioVersion = 17.13.35825.156
MinimumVisualStudioVersion = 10.0.40219.1
Project("{FAE04EC0-301F-11D3-BF4B-00C04F79EFBC}") = "SocketJack", "SocketJack\SocketJack.csproj", "{A9488B32-E02A-D73C-446B-780E35191A15}"
EndProject
Project("{F184B08F-C81C-45F6-A57F-5ABD9991F28F}") = "SocketJack-Tests", "Tests\SocketJack-Tests.vbproj", "{F06D26B1-23FF-16CF-823E-22FE17C5E779}"
	ProjectSection(ProjectDependencies) = postProject
		{CE30FC4D-463C-4917-BFCB-0DDA7794A66C} = {CE30FC4D-463C-4917-BFCB-0DDA7794A66C}
	EndProjectSection
EndProject
Project("{FAE04EC0-301F-11D3-BF4B-00C04F79EFBC}") = "SocketJack.WPFController", "SocketJack.WPFController\SocketJack.WPFController.csproj", "{B93C956D-673B-DE61-83D8-682E1928DE4C}"
EndProject
Project("{2150E333-8FDC-42A3-9474-1A3956D46DE8}") = "Audio", "Audio", "{02EA681E-C7D8-13C7-8484-4AC65E1B71E8}"
EndProject
Project("{FAE04EC0-301F-11D3-BF4B-00C04F79EFBC}") = "NSpeex", "NSpeex\NSpeex.csproj", "{66205DE8-B289-183F-35B6-A01CDB7E4044}"
EndProject
Project("{FAE04EC0-301F-11D3-BF4B-00C04F79EFBC}") = "WebSocketTestApplication", "WebSocketTestApplication\WebSocketTestApplication.csproj", "{CE30FC4D-463C-4917-BFCB-0DDA7794A66C}"
EndProject
Project("{FAE04EC0-301F-11D3-BF4B-00C04F79EFBC}") = "SocketJack.Unity", "SocketJack.Unity\SocketJack.Unity.csproj", "{F16DE517-F8C5-FABA-EBED-4583C874861F}"
	ProjectSection(ProjectDependencies) = postProject
		{A9488B32-E02A-D73C-446B-780E35191A15} = {A9488B32-E02A-D73C-446B-780E35191A15}
	EndProjectSection
EndProject
Project("{FAE04EC0-301F-11D3-BF4B-00C04F79EFBC}") = "SocketJack.WebSocketServer", "SocketJack.WebSocketServer\SocketJack.WebSocketServer.csproj", "{56640E53-A10E-8B85-CBA3-7B8306916B98}"
EndProject
Global
	GlobalSection(SolutionConfigurationPlatforms) = preSolution
		Debug|Any CPU = Debug|Any CPU
		Release|Any CPU = Release|Any CPU
	EndGlobalSection
	GlobalSection(ProjectConfigurationPlatforms) = postSolution
		{A9488B32-E02A-D73C-446B-780E35191A15}.Debug|Any CPU.ActiveCfg = Debug|Any CPU
		{A9488B32-E02A-D73C-446B-780E35191A15}.Debug|Any CPU.Build.0 = Debug|Any CPU
		{A9488B32-E02A-D73C-446B-780E35191A15}.Release|Any CPU.ActiveCfg = Release|Any CPU
		{A9488B32-E02A-D73C-446B-780E35191A15}.Release|Any CPU.Build.0 = Release|Any CPU
		{F06D26B1-23FF-16CF-823E-22FE17C5E779}.Debug|Any CPU.ActiveCfg = Debug|Any CPU
		{F06D26B1-23FF-16CF-823E-22FE17C5E779}.Debug|Any CPU.Build.0 = Debug|Any CPU
		{F06D26B1-23FF-16CF-823E-22FE17C5E779}.Release|Any CPU.ActiveCfg = Release|Any CPU
		{F06D26B1-23FF-16CF-823E-22FE17C5E779}.Release|Any CPU.Build.0 = Release|Any CPU
		{B93C956D-673B-DE61-83D8-682E1928DE4C}.Debug|Any CPU.ActiveCfg = Debug|Any CPU
		{B93C956D-673B-DE61-83D8-682E1928DE4C}.Debug|Any CPU.Build.0 = Debug|Any CPU
		{B93C956D-673B-DE61-83D8-682E1928DE4C}.Release|Any CPU.ActiveCfg = Release|Any CPU
		{B93C956D-673B-DE61-83D8-682E1928DE4C}.Release|Any CPU.Build.0 = Release|Any CPU
		{66205DE8-B289-183F-35B6-A01CDB7E4044}.Debug|Any CPU.ActiveCfg = Debug|Any CPU
		{66205DE8-B289-183F-35B6-A01CDB7E4044}.Debug|Any CPU.Build.0 = Debug|Any CPU
		{66205DE8-B289-183F-35B6-A01CDB7E4044}.Release|Any CPU.ActiveCfg = Release|Any CPU
		{66205DE8-B289-183F-35B6-A01CDB7E4044}.Release|Any CPU.Build.0 = Release|Any CPU
		{CE30FC4D-463C-4917-BFCB-0DDA7794A66C}.Debug|Any CPU.ActiveCfg = Debug|Any CPU
		{CE30FC4D-463C-4917-BFCB-0DDA7794A66C}.Debug|Any CPU.Build.0 = Debug|Any CPU
		{CE30FC4D-463C-4917-BFCB-0DDA7794A66C}.Release|Any CPU.ActiveCfg = Release|Any CPU
		{CE30FC4D-463C-4917-BFCB-0DDA7794A66C}.Release|Any CPU.Build.0 = Release|Any CPU
		{F16DE517-F8C5-FABA-EBED-4583C874861F}.Debug|Any CPU.ActiveCfg = Debug|Any CPU
		{F16DE517-F8C5-FABA-EBED-4583C874861F}.Debug|Any CPU.Build.0 = Debug|Any CPU
		{F16DE517-F8C5-FABA-EBED-4583C874861F}.Release|Any CPU.ActiveCfg = Release|Any CPU
		{F16DE517-F8C5-FABA-EBED-4583C874861F}.Release|Any CPU.Build.0 = Release|Any CPU
		{56640E53-A10E-8B85-CBA3-7B8306916B98}.Debug|Any CPU.ActiveCfg = Debug|Any CPU
		{56640E53-A10E-8B85-CBA3-7B8306916B98}.Debug|Any CPU.Build.0 = Debug|Any CPU
		{56640E53-A10E-8B85-CBA3-7B8306916B98}.Release|Any CPU.ActiveCfg = Release|Any CPU
		{56640E53-A10E-8B85-CBA3-7B8306916B98}.Release|Any CPU.Build.0 = Release|Any CPU
	EndGlobalSection
	GlobalSection(SolutionProperties) = preSolution
		HideSolutionNode = FALSE
	EndGlobalSection
	GlobalSection(NestedProjects) = preSolution
		{66205DE8-B289-183F-35B6-A01CDB7E4044} = {02EA681E-C7D8-13C7-8484-4AC65E1B71E8}
	EndGlobalSection
	GlobalSection(ExtensibilityGlobals) = postSolution
		SolutionGuid = {BE0AAA12-E97D-44AB-8468-BCF06B4E1161}
	EndGlobalSection
EndGlobal
