
Microsoft Visual Studio Solution File, Format Version 12.00
# Visual Studio Version 17
VisualStudioVersion = 17.13.35825.156
MinimumVisualStudioVersion = 10.0.40219.1
Project("{FAE04EC0-301F-11D3-BF4B-00C04F79EFBC}") = "SocketJack.NewtonsoftJson", "SocketJack.NewtonsoftJson\SocketJack.NewtonsoftJson.csproj", "{417B73E3-F339-07F1-B1FE-F2CA54BD6B43}"
EndProject
Project("{FAE04EC0-301F-11D3-BF4B-00C04F79EFBC}") = "SocketJack", "SocketJack\SocketJack.csproj", "{A9488B32-E02A-D73C-446B-780E35191A15}"
EndProject
Project("{F184B08F-C81C-45F6-A57F-5ABD9991F28F}") = "SocketJack-Tests", "Tests\SocketJack-Tests.vbproj", "{F06D26B1-23FF-16CF-823E-22FE17C5E779}"
EndProject
Project("{FAE04EC0-301F-11D3-BF4B-00C04F79EFBC}") = "SocketJack.WPFController", "SocketJack.WPFController\SocketJack.WPFController.csproj", "{B93C956D-673B-DE61-83D8-682E1928DE4C}"
EndProject
Global
	GlobalSection(SolutionConfigurationPlatforms) = preSolution
		Debug|Any CPU = Debug|Any CPU
		Release|Any CPU = Release|Any CPU
	EndGlobalSection
	GlobalSection(ProjectConfigurationPlatforms) = postSolution
		{417B73E3-F339-07F1-B1FE-F2CA54BD6B43}.Debug|Any CPU.ActiveCfg = Debug|Any CPU
		{417B73E3-F339-07F1-B1FE-F2CA54BD6B43}.Debug|Any CPU.Build.0 = Debug|Any CPU
		{417B73E3-F339-07F1-B1FE-F2CA54BD6B43}.Release|Any CPU.ActiveCfg = Release|Any CPU
		{417B73E3-F339-07F1-B1FE-F2CA54BD6B43}.Release|Any CPU.Build.0 = Release|Any CPU
		{A9488B32-E02A-D73C-446B-780E35191A15}.Debug|Any CPU.ActiveCfg = Debug|Any CPU
		{A9488B32-E02A-D73C-446B-780E35191A15}.Debug|Any CPU.Build.0 = Debug|Any CPU
		{A9488B32-E02A-D73C-446B-780E35191A15}.Release|Any CPU.ActiveCfg = Release|Any CPU
		{A9488B32-E02A-D73C-446B-780E35191A15}.Release|Any CPU.Build.0 = Release|Any CPU
		{F06D26B1-23FF-16CF-823E-22FE17C5E779}.Debug|Any CPU.ActiveCfg = Debug|Any CPU
		{F06D26B1-23FF-16CF-823E-22FE17C5E779}.Debug|Any CPU.Build.0 = Debug|Any CPU
		{F06D26B1-23FF-16CF-823E-22FE17C5E779}.Release|Any CPU.ActiveCfg = Release|Any CPU
		{F06D26B1-23FF-16CF-823E-22FE17C5E779}.Release|Any CPU.Build.0 = Release|Any CPU
		{B93C956D-673B-DE61-83D8-682E1928DE4C}.Debug|Any CPU.ActiveCfg = Debug|Any CPU
		{B93C956D-673B-DE61-83D8-682E1928DE4C}.Debug|Any CPU.Build.0 = Debug|Any CPU
		{B93C956D-673B-DE61-83D8-682E1928DE4C}.Release|Any CPU.ActiveCfg = Release|Any CPU
		{B93C956D-673B-DE61-83D8-682E1928DE4C}.Release|Any CPU.Build.0 = Release|Any CPU
	EndGlobalSection
	GlobalSection(SolutionProperties) = preSolution
		HideSolutionNode = FALSE
	EndGlobalSection
	GlobalSection(ExtensibilityGlobals) = postSolution
		SolutionGuid = {BE0AAA12-E97D-44AB-8468-BCF06B4E1161}
	EndGlobalSection
EndGlobal
